{
  "originHash" : "84919c07494b1f2185d782d5b48a074727870e685d9f886b4196d0387dd72b29",
  "pins" : [
    {
      "identity" : "xestitools",
      "kind" : "remoteSourceControl",
      "location" : "https://github.com/eBardX/XestiTools.git",
      "state" : {
        "revision" : "05991497b8c7cb5ccfd4c9440c5b8548f6989ab3",
        "version" : "9.1.0"
      }
    }
  ],
  "version" : 3
}
