{
  "originHash" : "439517e95b800aeb9cb617bf8440a1b6fddade52f2e1be516cb0af23728a18e2",
  "pins" : [
    {
      "identity" : "swift-argument-parser",
      "kind" : "remoteSourceControl",
      "location" : "https://github.com/apple/swift-argument-parser.git",
      "state" : {
        "revision" : "41982a3656a71c768319979febd796c6fd111d5c",
        "version" : "1.5.0"
      }
    },
    {
      "identity" : "xestitext",
      "kind" : "remoteSourceControl",
      "location" : "https://github.com/eBardX/XestiText.git",
      "state" : {
        "branch" : "swift-6-support",
        "revision" : "55cde15385efbc93a4ba9899b2b44d3750f95968"
      }
    },
    {
      "identity" : "xestitools",
      "kind" : "remoteSourceControl",
      "location" : "https://github.com/eBardX/XestiTools.git",
      "state" : {
        "branch" : "swift-6-support",
        "revision" : "e2f79b74c9326d15c7aaadf367025c05902be943"
      }
    }
  ],
  "version" : 3
}
