{
  "originHash" : "ab084de0d184103502cc41befb14c2877bf7ab91c50697ddf0563a6d1940e952",
  "pins" : [
    {
      "identity" : "swift-argument-parser",
      "kind" : "remoteSourceControl",
      "location" : "https://github.com/apple/swift-argument-parser.git",
      "state" : {
        "revision" : "41982a3656a71c768319979febd796c6fd111d5c",
        "version" : "1.5.0"
      }
    },
    {
      "identity" : "xestitext",
      "kind" : "remoteSourceControl",
      "location" : "https://github.com/eBardX/XestiText.git",
      "state" : {
        "revision" : "da4ba9ae33c350d56d8c26f1bbbcdea17302378e",
        "version" : "2.0.0"
      }
    },
    {
      "identity" : "xestitools",
      "kind" : "remoteSourceControl",
      "location" : "https://github.com/eBardX/XestiTools.git",
      "state" : {
        "revision" : "07103e8d2b952b1af40dc3eb0f073bd0ce9c8a26",
        "version" : "3.4.0"
      }
    }
  ],
  "version" : 3
}
